{
  "name": "element-ui",
  "version": "2.13.0",
  "lockfileVersion": 1,
  "requires": true,
  "dependencies": {
    "asn1": {
      "version": "0.1.11",
      "resolved": "https://registry.npmjs.org/asn1/-/asn1-0.1.11.tgz",
      "integrity": "sha1-VZvhg3bQik7E2+gId9J4GGObLfc="
    },
    "assert-plus": {
      "version": "0.1.5",
      "resolved": "https://registry.npmjs.org/assert-plus/-/assert-plus-0.1.5.tgz",
      "integrity": "sha1-7nQAlBMALYTOxyGcasgRgS5yMWA="
    },
    "async": {
      "version": "0.9.2",
      "resolved": "https://registry.npmjs.org/async/-/async-0.9.2.tgz",
      "integrity": "sha1-rqdNXmHB+JlhO/ZL2mbUx48v0X0="
    },
    "aws-sign": {
      "version": "0.3.0",
      "resolved": "https://registry.npmjs.org/aws-sign/-/aws-sign-0.3.0.tgz",
      "integrity": "sha1-PYHKabR0seFlGHKLUcJP8Lvtxuk="
    },
    "aws-sign2": {
      "version": "0.5.0",
      "resolved": "https://registry.npmjs.org/aws-sign2/-/aws-sign2-0.5.0.tgz",
      "integrity": "sha1-xXED96F/wDfwLXwuZLYC6iI/fWM=",
      "optional": true
    },
    "boom": {
      "version": "0.4.2",
      "resolved": "https://registry.npmjs.org/boom/-/boom-0.4.2.tgz",
      "integrity": "sha1-emNune1O/O+xnO9JR6PGffrukRs=",
      "requires": {
        "hoek": "0.9.x"
      }
    },
    "browser-request": {
      "version": "0.3.3",
      "resolved": "https://registry.npmjs.org/browser-request/-/browser-request-0.3.3.tgz",
      "integrity": "sha1-ns5bWsqJopkyJC4Yv5M975h2zBc="
    },
    "combined-stream": {
      "version": "0.0.7",
      "resolved": "https://registry.npmjs.org/combined-stream/-/combined-stream-0.0.7.tgz",
      "integrity": "sha1-ATfmV7qlp1QcV6w3rF/AfXO03B8=",
      "requires": {
        "delayed-stream": "0.0.5"
      }
    },
    "cookie-jar": {
      "version": "0.3.0",
      "resolved": "https://registry.npmjs.org/cookie-jar/-/cookie-jar-0.3.0.tgz",
      "integrity": "sha1-vJon1OK5fhhs1XyeIGPLmfpozMw="
    },
    "cryptiles": {
      "version": "0.2.2",
      "resolved": "https://registry.npmjs.org/cryptiles/-/cryptiles-0.2.2.tgz",
      "integrity": "sha1-7ZH/HxetE9N0gohZT4pIoNJvMlw=",
      "requires": {
        "boom": "0.4.x"
      }
    },
    "ctype": {
      "version": "0.5.3",
      "resolved": "https://registry.npmjs.org/ctype/-/ctype-0.5.3.tgz",
      "integrity": "sha1-gsGMJGH3QRTvFsE1IkrQuRRMoS8="
    },
    "debug": {
      "version": "0.7.4",
      "resolved": "https://registry.npmjs.org/debug/-/debug-0.7.4.tgz",
      "integrity": "sha1-BuHqgILCyxTjmAbiLi9vdX+Srzk="
    },
    "delayed-stream": {
      "version": "0.0.5",
      "resolved": "https://registry.npmjs.org/delayed-stream/-/delayed-stream-0.0.5.tgz",
      "integrity": "sha1-1LH0OpPoKW3+AmlPRoC8N6MTxz8="
    },
    "errs": {
      "version": "0.2.4",
      "resolved": "https://registry.npmjs.org/errs/-/errs-0.2.4.tgz",
      "integrity": "sha1-SMzv7JT9PmE9ZGmEDdHAOJN5g/Y="
    },
    "follow": {
      "version": "0.10.4",
      "resolved": "https://registry.npmjs.org/follow/-/follow-0.10.4.tgz",
      "integrity": "sha1-WvvcbKGoZqljln2tsHGge0KGEaI=",
      "requires": {
        "browser-request": "~0.3.0",
        "debug": "~0.7.2",
        "request": "~2.30.0"
      },
      "dependencies": {
        "request": {
          "version": "2.30.0",
          "resolved": "https://registry.npmjs.org/request/-/request-2.30.0.tgz",
          "integrity": "sha1-jg028IBuiRFSSwcrZMXuU1oJ2GE=",
          "requires": {
            "aws-sign2": "~0.5.0",
            "forever-agent": "~0.5.0",
            "form-data": "~0.1.0",
            "hawk": "~1.0.0",
            "http-signature": "~0.10.0",
            "json-stringify-safe": "~5.0.0",
            "mime": "~1.2.9",
            "node-uuid": "~1.4.0",
            "oauth-sign": "~0.3.0",
            "qs": "~0.6.0",
            "tough-cookie": "~0.9.15",
            "tunnel-agent": "~0.3.0"
          }
        }
      }
    },
    "forever-agent": {
      "version": "0.5.2",
      "resolved": "https://registry.npmjs.org/forever-agent/-/forever-agent-0.5.2.tgz",
      "integrity": "sha1-bQ4JxJIflKJ/Y9O0nF/v8epMUTA="
    },
    "form-data": {
      "version": "0.1.4",
      "resolved": "https://registry.npmjs.org/form-data/-/form-data-0.1.4.tgz",
      "integrity": "sha1-kavXiKupcCsaq/qLwBAxoqyeOxI=",
      "requires": {
        "async": "~0.9.0",
        "combined-stream": "~0.0.4",
        "mime": "~1.2.11"
      }
    },
    "hawk": {
      "version": "1.0.0",
      "resolved": "https://registry.npmjs.org/hawk/-/hawk-1.0.0.tgz",
      "integrity": "sha1-uQuxaYByhUEdp//LjdJZhQLTtS0=",
      "requires": {
        "boom": "0.4.x",
        "cryptiles": "0.2.x",
        "hoek": "0.9.x",
        "sntp": "0.2.x"
      }
    },
    "hoek": {
      "version": "0.9.1",
      "resolved": "https://registry.npmjs.org/hoek/-/hoek-0.9.1.tgz",
      "integrity": "sha1-PTIkYrrfB3Fup+uFuviAec3c5QU="
    },
    "http-signature": {
      "version": "0.10.1",
      "resolved": "https://registry.npmjs.org/http-signature/-/http-signature-0.10.1.tgz",
      "integrity": "sha1-T72sEyVZqoMjEh5UB3nAoBKyfmY=",
      "requires": {
        "asn1": "0.1.11",
        "assert-plus": "^0.1.5",
        "ctype": "0.5.3"
      }
    },
    "inflection": {
      "version": "1.2.7",
      "resolved": "https://registry.npmjs.org/inflection/-/inflection-1.2.7.tgz",
      "integrity": "sha1-WdtFBTEKdGZ3GC7UbhVeADv7NZE="
    },
    "json-stringify-safe": {
      "version": "5.0.1",
      "resolved": "https://registry.npmjs.org/json-stringify-safe/-/json-stringify-safe-5.0.1.tgz",
      "integrity": "sha1-Epai1Y/UXxmg9s4B1lcB4sc1tus="
    },
    "jugglingdb": {
      "version": "0.2.4",
      "resolved": "https://registry.npmjs.org/jugglingdb/-/jugglingdb-0.2.4.tgz",
      "integrity": "sha1-gf7Y3MHzHMGndMtJf0xJ+qWcaa4=",
      "requires": {
        "inflection": "~1.2.5"
      }
    },
    "jugglingdb-nano": {
      "version": "https://github.com/Marak/nano-adapter/tarball/master",
      "integrity": "sha512-nlcMYoj7vq9kKcMuISK6MEW4XDJ40ecuMXPR9iIfumQ06w94JTdEt7GqdDJRmMAGJvhxcn9FwQolN23AfbEZXA==",
      "requires": {
        "lodash": "2.4.x",
        "nano": "4.2.x"
      }
    },
    "lodash": {
      "version": "2.4.2",
      "resolved": "https://registry.npmjs.org/lodash/-/lodash-2.4.2.tgz",
      "integrity": "sha1-+t2DS5aDBz2hebPq5tnA0VBT9z4="
    },
    "mime": {
      "version": "1.2.11",
      "resolved": "https://registry.npmjs.org/mime/-/mime-1.2.11.tgz",
      "integrity": "sha1-WCA+7Ybjpe8XrtK32evUfwpg3RA="
    },
    "mschema": {
      "version": "0.5.6",
      "resolved": "https://registry.npmjs.org/mschema/-/mschema-0.5.6.tgz",
      "integrity": "sha1-ofOF7PlqI5LCfKHL8jnhd0iYJ5U="
    },
    "mschema-rpc": {
      "version": "0.7.0",
      "resolved": "https://registry.npmjs.org/mschema-rpc/-/mschema-rpc-0.7.0.tgz",
      "integrity": "sha1-GtYabf3a7kYPnrCmoWDRC190/d8=",
      "requires": {
        "mschema": "0.5.x"
      }
    },
    "nano": {
      "version": "4.2.1",
      "resolved": "https://registry.npmjs.org/nano/-/nano-4.2.1.tgz",
      "integrity": "sha1-TUQnoEwm5fhhd0LQSqEYWkdD8Ik=",
      "requires": {
        "errs": "~0.2.4",
        "follow": "~0.10.1",
        "request": "~2.27.0",
        "underscore": "~1.5.1"
      }
    },
    "node-uuid": {
      "version": "1.4.8",
      "resolved": "https://registry.npmjs.org/node-uuid/-/node-uuid-1.4.8.tgz",
      "integrity": "sha1-sEDrCSOWivq/jTL7HxfxFn/auQc="
    },
    "oauth-sign": {
      "version": "0.3.0",
      "resolved": "https://registry.npmjs.org/oauth-sign/-/oauth-sign-0.3.0.tgz",
      "integrity": "sha1-y1QPk7srIqfVlBaRoojWDo6pOG4="
    },
    "punycode": {
      "version": "2.1.1",
      "resolved": "https://registry.npmjs.org/punycode/-/punycode-2.1.1.tgz",
      "integrity": "sha512-XRsRjdf+j5ml+y/6GKHPZbrF/8p2Yga0JPtdqTIY2Xe5ohJPD9saDJJLPvp9+NSBprVvevdXZybnj2cv8OEd0A==",
      "optional": true
    },
    "qs": {
      "version": "0.6.6",
      "resolved": "https://registry.npmjs.org/qs/-/qs-0.6.6.tgz",
      "integrity": "sha1-bgFQmP9RlouKPIGQAdXyyJvEsQc="
    },
    "request": {
      "version": "2.27.0",
      "resolved": "https://registry.npmjs.org/request/-/request-2.27.0.tgz",
      "integrity": "sha1-37GiJN06Wput5DNwElA9cQ5Thmg=",
      "requires": {
        "aws-sign": "~0.3.0",
        "cookie-jar": "~0.3.0",
        "forever-agent": "~0.5.0",
        "form-data": "~0.1.0",
        "hawk": "~1.0.0",
        "http-signature": "~0.10.0",
        "json-stringify-safe": "~5.0.0",
        "mime": "~1.2.9",
        "node-uuid": "~1.4.0",
        "oauth-sign": "~0.3.0",
        "qs": "~0.6.0",
        "tunnel-agent": "~0.3.0"
      }
    },
    "resource": {
      "version": "0.8.1",
      "resolved": "https://registry.npmjs.org/resource/-/resource-0.8.1.tgz",
      "integrity": "sha1-VrW0uj14N2JI3LSQMUrQNcnPjRk=",
      "requires": {
        "jugglingdb": "0.2.4",
        "jugglingdb-nano": "https://github.com/Marak/nano-adapter/tarball/master",
        "mschema": "*",
        "mschema-rpc": "0.7.x"
      }
    },
    "sntp": {
      "version": "0.2.4",
      "resolved": "https://registry.npmjs.org/sntp/-/sntp-0.2.4.tgz",
      "integrity": "sha1-+4hfGLDzqtGJ+CSGJTa87ux1CQA=",
      "requires": {
        "hoek": "0.9.x"
      }
    },
    "tough-cookie": {
      "version": "0.9.15",
      "resolved": "https://registry.npmjs.org/tough-cookie/-/tough-cookie-0.9.15.tgz",
      "integrity": "sha1-dWF6w0fjZZBSsDUBMYhYKWdzmfY=",
      "optional": true,
      "requires": {
        "punycode": ">=0.2.0"
      }
    },
    "tunnel-agent": {
      "version": "0.3.0",
      "resolved": "https://registry.npmjs.org/tunnel-agent/-/tunnel-agent-0.3.0.tgz",
      "integrity": "sha1-rWgbaPUyGtKCfEz7G31d8s/pQu4="
    },
    "underscore": {
      "version": "1.5.2",
      "resolved": "https://registry.npmjs.org/underscore/-/underscore-1.5.2.tgz",
      "integrity": "sha1-EzXF5PXm0zu7SwBrqMhqAPVW3gg="
    }
  }
}
